// !$*UTF8*$!
{
	archiveVersion = 1;
	classes = {
	};
	objectVersion = 50;
	objects = {

/* Begin PBXBuildFile section */
		C80D848723BF071600FC2B35 /* AppDelegate.swift in Sources */ = {isa = PBXBuildFile; fileRef = C80D848623BF071600FC2B35 /* AppDelegate.swift */; };
		C80D848923BF071600FC2B35 /* SceneDelegate.swift in Sources */ = {isa = PBXBuildFile; fileRef = C80D848823BF071600FC2B35 /* SceneDelegate.swift */; };
		C80D848D23BF071700FC2B35 /* Assets.xcassets in Resources */ = {isa = PBXBuildFile; fileRef = C80D848C23BF071700FC2B35 /* Assets.xcassets */; };
		C80D849023BF071700FC2B35 /* Preview Assets.xcassets in Resources */ = {isa = PBXBuildFile; fileRef = C80D848F23BF071700FC2B35 /* Preview Assets.xcassets */; };
		C80D849323BF071700FC2B35 /* LaunchScreen.storyboard in Resources */ = {isa = PBXBuildFile; fileRef = C80D849123BF071700FC2B35 /* LaunchScreen.storyboard */; };
		C80D849E23BF071700FC2B35 /* SwiftUICombineMVVMExampleTests.swift in Sources */ = {isa = PBXBuildFile; fileRef = C80D849D23BF071700FC2B35 /* SwiftUICombineMVVMExampleTests.swift */; };
		C80D84A923BF071700FC2B35 /* SwiftUICombineMVVMExampleUITests.swift in Sources */ = {isa = PBXBuildFile; fileRef = C80D84A823BF071700FC2B35 /* SwiftUICombineMVVMExampleUITests.swift */; };
		C80D84B923BF100B00FC2B35 /* MovieListView.swift in Sources */ = {isa = PBXBuildFile; fileRef = C80D84B823BF100B00FC2B35 /* MovieListView.swift */; };
		C80D84BB23BF103400FC2B35 /* MovieListViewModel.swift in Sources */ = {isa = PBXBuildFile; fileRef = C80D84BA23BF103400FC2B35 /* MovieListViewModel.swift */; };
		C80D84BD23BF109B00FC2B35 /* Movie.swift in Sources */ = {isa = PBXBuildFile; fileRef = C80D84BC23BF109B00FC2B35 /* Movie.swift */; };
		C80D84BF23BF110900FC2B35 /* AddMovieView.swift in Sources */ = {isa = PBXBuildFile; fileRef = C80D84BE23BF110900FC2B35 /* AddMovieView.swift */; };
		C80D84C123BF111800FC2B35 /* AddMovieViewModel.swift in Sources */ = {isa = PBXBuildFile; fileRef = C80D84C023BF111800FC2B35 /* AddMovieViewModel.swift */; };
		C80D84C523BF199100FC2B35 /* MovieStore.swift in Sources */ = {isa = PBXBuildFile; fileRef = C80D84C423BF199100FC2B35 /* MovieStore.swift */; };
/* End PBXBuildFile section */

/* Begin PBXContainerItemProxy section */
		C80D849A23BF071700FC2B35 /* PBXContainerItemProxy */ = {
			isa = PBXContainerItemProxy;
			containerPortal = C80D847B23BF071600FC2B35 /* Project object */;
			proxyType = 1;
			remoteGlobalIDString = C80D848223BF071600FC2B35;
			remoteInfo = SwiftUICombineMVVMExample;
		};
		C80D84A523BF071700FC2B35 /* PBXContainerItemProxy */ = {
			isa = PBXContainerItemProxy;
			containerPortal = C80D847B23BF071600FC2B35 /* Project object */;
			proxyType = 1;
			remoteGlobalIDString = C80D848223BF071600FC2B35;
			remoteInfo = SwiftUICombineMVVMExample;
		};
/* End PBXContainerItemProxy section */

/* Begin PBXFileReference section */
		C80D848323BF071600FC2B35 /* SwiftUICombineMVVMExample.app */ = {isa = PBXFileReference; explicitFileType = wrapper.application; includeInIndex = 0; path = SwiftUICombineMVVMExample.app; sourceTree = BUILT_PRODUCTS_DIR; };
		C80D848623BF071600FC2B35 /* AppDelegate.swift */ = {isa = PBXFileReference; lastKnownFileType = sourcecode.swift; path = AppDelegate.swift; sourceTree = "<group>"; };
		C80D848823BF071600FC2B35 /* SceneDelegate.swift */ = {isa = PBXFileReference; lastKnownFileType = sourcecode.swift; path = SceneDelegate.swift; sourceTree = "<group>"; };
		C80D848C23BF071700FC2B35 /* Assets.xcassets */ = {isa = PBXFileReference; lastKnownFileType = folder.assetcatalog; path = Assets.xcassets; sourceTree = "<group>"; };
		C80D848F23BF071700FC2B35 /* Preview Assets.xcassets */ = {isa = PBXFileReference; lastKnownFileType = folder.assetcatalog; path = "Preview Assets.xcassets"; sourceTree = "<group>"; };
		C80D849223BF071700FC2B35 /* Base */ = {isa = PBXFileReference; lastKnownFileType = file.storyboard; name = Base; path = Base.lproj/LaunchScreen.storyboard; sourceTree = "<group>"; };
		C80D849423BF071700FC2B35 /* Info.plist */ = {isa = PBXFileReference; lastKnownFileType = text.plist.xml; path = Info.plist; sourceTree = "<group>"; };
		C80D849923BF071700FC2B35 /* SwiftUICombineMVVMExampleTests.xctest */ = {isa = PBXFileReference; explicitFileType = wrapper.cfbundle; includeInIndex = 0; path = SwiftUICombineMVVMExampleTests.xctest; sourceTree = BUILT_PRODUCTS_DIR; };
		C80D849D23BF071700FC2B35 /* SwiftUICombineMVVMExampleTests.swift */ = {isa = PBXFileReference; lastKnownFileType = sourcecode.swift; path = SwiftUICombineMVVMExampleTests.swift; sourceTree = "<group>"; };
		C80D849F23BF071700FC2B35 /* Info.plist */ = {isa = PBXFileReference; lastKnownFileType = text.plist.xml; path = Info.plist; sourceTree = "<group>"; };
		C80D84A423BF071700FC2B35 /* SwiftUICombineMVVMExampleUITests.xctest */ = {isa = PBXFileReference; explicitFileType = wrapper.cfbundle; includeInIndex = 0; path = SwiftUICombineMVVMExampleUITests.xctest; sourceTree = BUILT_PRODUCTS_DIR; };
		C80D84A823BF071700FC2B35 /* SwiftUICombineMVVMExampleUITests.swift */ = {isa = PBXFileReference; lastKnownFileType = sourcecode.swift; path = SwiftUICombineMVVMExampleUITests.swift; sourceTree = "<group>"; };
		C80D84AA23BF071700FC2B35 /* Info.plist */ = {isa = PBXFileReference; lastKnownFileType = text.plist.xml; path = Info.plist; sourceTree = "<group>"; };
		C80D84B823BF100B00FC2B35 /* MovieListView.swift */ = {isa = PBXFileReference; lastKnownFileType = sourcecode.swift; path = MovieListView.swift; sourceTree = "<group>"; };
		C80D84BA23BF103400FC2B35 /* MovieListViewModel.swift */ = {isa = PBXFileReference; lastKnownFileType = sourcecode.swift; path = MovieListViewModel.swift; sourceTree = "<group>"; };
		C80D84BC23BF109B00FC2B35 /* Movie.swift */ = {isa = PBXFileReference; lastKnownFileType = sourcecode.swift; path = Movie.swift; sourceTree = "<group>"; };
		C80D84BE23BF110900FC2B35 /* AddMovieView.swift */ = {isa = PBXFileReference; lastKnownFileType = sourcecode.swift; path = AddMovieView.swift; sourceTree = "<group>"; };
		C80D84C023BF111800FC2B35 /* AddMovieViewModel.swift */ = {isa = PBXFileReference; lastKnownFileType = sourcecode.swift; path = AddMovieViewModel.swift; sourceTree = "<group>"; };
		C80D84C423BF199100FC2B35 /* MovieStore.swift */ = {isa = PBXFileReference; lastKnownFileType = sourcecode.swift; path = MovieStore.swift; sourceTree = "<group>"; };
/* End PBXFileReference section */

/* Begin PBXFrameworksBuildPhase section */
		C80D848023BF071600FC2B35 /* Frameworks */ = {
			isa = PBXFrameworksBuildPhase;
			buildActionMask = 2147483647;
			files = (
			);
			runOnlyForDeploymentPostprocessing = 0;
		};
		C80D849623BF071700FC2B35 /* Frameworks */ = {
			isa = PBXFrameworksBuildPhase;
			buildActionMask = 2147483647;
			files = (
			);
			runOnlyForDeploymentPostprocessing = 0;
		};
		C80D84A123BF071700FC2B35 /* Frameworks */ = {
			isa = PBXFrameworksBuildPhase;
			buildActionMask = 2147483647;
			files = (
			);
			runOnlyForDeploymentPostprocessing = 0;
		};
/* End PBXFrameworksBuildPhase section */

/* Begin PBXGroup section */
		C80D847A23BF071600FC2B35 = {
			isa = PBXGroup;
			children = (
				C80D848523BF071600FC2B35 /* SwiftUICombineMVVMExample */,
				C80D849C23BF071700FC2B35 /* SwiftUICombineMVVMExampleTests */,
				C80D84A723BF071700FC2B35 /* SwiftUICombineMVVMExampleUITests */,
				C80D848423BF071600FC2B35 /* Products */,
			);
			sourceTree = "<group>";
		};
		C80D848423BF071600FC2B35 /* Products */ = {
			isa = PBXGroup;
			children = (
				C80D848323BF071600FC2B35 /* SwiftUICombineMVVMExample.app */,
				C80D849923BF071700FC2B35 /* SwiftUICombineMVVMExampleTests.xctest */,
				C80D84A423BF071700FC2B35 /* SwiftUICombineMVVMExampleUITests.xctest */,
			);
			name = Products;
			sourceTree = "<group>";
		};
		C80D848523BF071600FC2B35 /* SwiftUICombineMVVMExample */ = {
			isa = PBXGroup;
			children = (
				C80D848623BF071600FC2B35 /* AppDelegate.swift */,
				C80D848823BF071600FC2B35 /* SceneDelegate.swift */,
				C80D84C423BF199100FC2B35 /* MovieStore.swift */,
				C80D84B823BF100B00FC2B35 /* MovieListView.swift */,
				C80D84BA23BF103400FC2B35 /* MovieListViewModel.swift */,
				C80D84BC23BF109B00FC2B35 /* Movie.swift */,
				C80D84BE23BF110900FC2B35 /* AddMovieView.swift */,
				C80D84C023BF111800FC2B35 /* AddMovieViewModel.swift */,
				C80D848C23BF071700FC2B35 /* Assets.xcassets */,
				C80D849123BF071700FC2B35 /* LaunchScreen.storyboard */,
				C80D849423BF071700FC2B35 /* Info.plist */,
				C80D848E23BF071700FC2B35 /* Preview Content */,
			);
			path = SwiftUICombineMVVMExample;
			sourceTree = "<group>";
		};
		C80D848E23BF071700FC2B35 /* Preview Content */ = {
			isa = PBXGroup;
			children = (
				C80D848F23BF071700FC2B35 /* Preview Assets.xcassets */,
			);
			path = "Preview Content";
			sourceTree = "<group>";
		};
		C80D849C23BF071700FC2B35 /* SwiftUICombineMVVMExampleTests */ = {
			isa = PBXGroup;
			children = (
				C80D849D23BF071700FC2B35 /* SwiftUICombineMVVMExampleTests.swift */,
				C80D849F23BF071700FC2B35 /* Info.plist */,
			);
			path = SwiftUICombineMVVMExampleTests;
			sourceTree = "<group>";
		};
		C80D84A723BF071700FC2B35 /* SwiftUICombineMVVMExampleUITests */ = {
			isa = PBXGroup;
			children = (
				C80D84A823BF071700FC2B35 /* SwiftUICombineMVVMExampleUITests.swift */,
				C80D84AA23BF071700FC2B35 /* Info.plist */,
			);
			path = SwiftUICombineMVVMExampleUITests;
			sourceTree = "<group>";
		};
/* End PBXGroup section */

/* Begin PBXNativeTarget section */
		C80D848223BF071600FC2B35 /* SwiftUICombineMVVMExample */ = {
			isa = PBXNativeTarget;
			buildConfigurationList = C80D84AD23BF071700FC2B35 /* Build configuration list for PBXNativeTarget "SwiftUICombineMVVMExample" */;
			buildPhases = (
				C80D847F23BF071600FC2B35 /* Sources */,
				C80D848023BF071600FC2B35 /* Frameworks */,
				C80D848123BF071600FC2B35 /* Resources */,
			);
			buildRules = (
			);
			dependencies = (
			);
			name = SwiftUICombineMVVMExample;
			productName = SwiftUICombineMVVMExample;
			productReference = C80D848323BF071600FC2B35 /* SwiftUICombineMVVMExample.app */;
			productType = "com.apple.product-type.application";
		};
		C80D849823BF071700FC2B35 /* SwiftUICombineMVVMExampleTests */ = {
			isa = PBXNativeTarget;
			buildConfigurationList = C80D84B023BF071700FC2B35 /* Build configuration list for PBXNativeTarget "SwiftUICombineMVVMExampleTests" */;
			buildPhases = (
				C80D849523BF071700FC2B35 /* Sources */,
				C80D849623BF071700FC2B35 /* Frameworks */,
				C80D849723BF071700FC2B35 /* Resources */,
			);
			buildRules = (
			);
			dependencies = (
				C80D849B23BF071700FC2B35 /* PBXTargetDependency */,
			);
			name = SwiftUICombineMVVMExampleTests;
			productName = SwiftUICombineMVVMExampleTests;
			productReference = C80D849923BF071700FC2B35 /* SwiftUICombineMVVMExampleTests.xctest */;
			productType = "com.apple.product-type.bundle.unit-test";
		};
		C80D84A323BF071700FC2B35 /* SwiftUICombineMVVMExampleUITests */ = {
			isa = PBXNativeTarget;
			buildConfigurationList = C80D84B323BF071700FC2B35 /* Build configuration list for PBXNativeTarget "SwiftUICombineMVVMExampleUITests" */;
			buildPhases = (
				C80D84A023BF071700FC2B35 /* Sources */,
				C80D84A123BF071700FC2B35 /* Frameworks */,
				C80D84A223BF071700FC2B35 /* Resources */,
			);
			buildRules = (
			);
			dependencies = (
				C80D84A623BF071700FC2B35 /* PBXTargetDependency */,
			);
			name = SwiftUICombineMVVMExampleUITests;
			productName = SwiftUICombineMVVMExampleUITests;
			productReference = C80D84A423BF071700FC2B35 /* SwiftUICombineMVVMExampleUITests.xctest */;
			productType = "com.apple.product-type.bundle.ui-testing";
		};
/* End PBXNativeTarget section */

/* Begin PBXProject section */
		C80D847B23BF071600FC2B35 /* Project object */ = {
			isa = PBXProject;
			attributes = {
				LastSwiftUpdateCheck = 1130;
				LastUpgradeCheck = 1130;
				ORGANIZATIONNAME = "Augmented Code";
				TargetAttributes = {
					C80D848223BF071600FC2B35 = {
						CreatedOnToolsVersion = 11.3;
					};
					C80D849823BF071700FC2B35 = {
						CreatedOnToolsVersion = 11.3;
						TestTargetID = C80D848223BF071600FC2B35;
					};
					C80D84A323BF071700FC2B35 = {
						CreatedOnToolsVersion = 11.3;
						TestTargetID = C80D848223BF071600FC2B35;
					};
				};
			};
			buildConfigurationList = C80D847E23BF071600FC2B35 /* Build configuration list for PBXProject "SwiftUICombineMVVMExample" */;
			compatibilityVersion = "Xcode 9.3";
			developmentRegion = en;
			hasScannedForEncodings = 0;
			knownRegions = (
				en,
				Base,
			);
			mainGroup = C80D847A23BF071600FC2B35;
			productRefGroup = C80D848423BF071600FC2B35 /* Products */;
			projectDirPath = "";
			projectRoot = "";
			targets = (
				C80D848223BF071600FC2B35 /* SwiftUICombineMVVMExample */,
				C80D849823BF071700FC2B35 /* SwiftUICombineMVVMExampleTests */,
				C80D84A323BF071700FC2B35 /* SwiftUICombineMVVMExampleUITests */,
			);
		};
/* End PBXProject section */

/* Begin PBXResourcesBuildPhase section */
		C80D848123BF071600FC2B35 /* Resources */ = {
			isa = PBXResourcesBuildPhase;
			buildActionMask = 2147483647;
			files = (
				C80D849323BF071700FC2B35 /* LaunchScreen.storyboard in Resources */,
				C80D849023BF071700FC2B35 /* Preview Assets.xcassets in Resources */,
				C80D848D23BF071700FC2B35 /* Assets.xcassets in Resources */,
			);
			runOnlyForDeploymentPostprocessing = 0;
		};
		C80D849723BF071700FC2B35 /* Resources */ = {
			isa = PBXResourcesBuildPhase;
			buildActionMask = 2147483647;
			files = (
			);
			runOnlyForDeploymentPostprocessing = 0;
		};
		C80D84A223BF071700FC2B35 /* Resources */ = {
			isa = PBXResourcesBuildPhase;
			buildActionMask = 2147483647;
			files = (
			);
			runOnlyForDeploymentPostprocessing = 0;
		};
/* End PBXResourcesBuildPhase section */

/* Begin PBXSourcesBuildPhase section */
		C80D847F23BF071600FC2B35 /* Sources */ = {
			isa = PBXSourcesBuildPhase;
			buildActionMask = 2147483647;
			files = (
				C80D84BD23BF109B00FC2B35 /* Movie.swift in Sources */,
				C80D84C123BF111800FC2B35 /* AddMovieViewModel.swift in Sources */,
				C80D84BF23BF110900FC2B35 /* AddMovieView.swift in Sources */,
				C80D848723BF071600FC2B35 /* AppDelegate.swift in Sources */,
				C80D84C523BF199100FC2B35 /* MovieStore.swift in Sources */,
				C80D848923BF071600FC2B35 /* SceneDelegate.swift in Sources */,
				C80D84B923BF100B00FC2B35 /* MovieListView.swift in Sources */,
				C80D84BB23BF103400FC2B35 /* MovieListViewModel.swift in Sources */,
			);
			runOnlyForDeploymentPostprocessing = 0;
		};
		C80D849523BF071700FC2B35 /* Sources */ = {
			isa = PBXSourcesBuildPhase;
			buildActionMask = 2147483647;
			files = (
				C80D849E23BF071700FC2B35 /* SwiftUICombineMVVMExampleTests.swift in Sources */,
			);
			runOnlyForDeploymentPostprocessing = 0;
		};
		C80D84A023BF071700FC2B35 /* Sources */ = {
			isa = PBXSourcesBuildPhase;
			buildActionMask = 2147483647;
			files = (
				C80D84A923BF071700FC2B35 /* SwiftUICombineMVVMExampleUITests.swift in Sources */,
			);
			runOnlyForDeploymentPostprocessing = 0;
		};
/* End PBXSourcesBuildPhase section */

/* Begin PBXTargetDependency section */
		C80D849B23BF071700FC2B35 /* PBXTargetDependency */ = {
			isa = PBXTargetDependency;
			target = C80D848223BF071600FC2B35 /* SwiftUICombineMVVMExample */;
			targetProxy = C80D849A23BF071700FC2B35 /* PBXContainerItemProxy */;
		};
		C80D84A623BF071700FC2B35 /* PBXTargetDependency */ = {
			isa = PBXTargetDependency;
			target = C80D848223BF071600FC2B35 /* SwiftUICombineMVVMExample */;
			targetProxy = C80D84A523BF071700FC2B35 /* PBXContainerItemProxy */;
		};
/* End PBXTargetDependency section */

/* Begin PBXVariantGroup section */
		C80D849123BF071700FC2B35 /* LaunchScreen.storyboard */ = {
			isa = PBXVariantGroup;
			children = (
				C80D849223BF071700FC2B35 /* Base */,
			);
			name = LaunchScreen.storyboard;
			sourceTree = "<group>";
		};
/* End PBXVariantGroup section */

/* Begin XCBuildConfiguration section */
		C80D84AB23BF071700FC2B35 /* Debug */ = {
			isa = XCBuildConfiguration;
			buildSettings = {
				ALWAYS_SEARCH_USER_PATHS = NO;
				CLANG_ANALYZER_NONNULL = YES;
				CLANG_ANALYZER_NUMBER_OBJECT_CONVERSION = YES_AGGRESSIVE;
				CLANG_CXX_LANGUAGE_STANDARD = "gnu++14";
				CLANG_CXX_LIBRARY = "libc++";
				CLANG_ENABLE_MODULES = YES;
				CLANG_ENABLE_OBJC_ARC = YES;
				CLANG_ENABLE_OBJC_WEAK = YES;
				CLANG_WARN_BLOCK_CAPTURE_AUTORELEASING = YES;
				CLANG_WARN_BOOL_CONVERSION = YES;
				CLANG_WARN_COMMA = YES;
				CLANG_WARN_CONSTANT_CONVERSION = YES;
				CLANG_WARN_DEPRECATED_OBJC_IMPLEMENTATIONS = YES;
				CLANG_WARN_DIRECT_OBJC_ISA_USAGE = YES_ERROR;
				CLANG_WARN_DOCUMENTATION_COMMENTS = YES;
				CLANG_WARN_EMPTY_BODY = YES;
				CLANG_WARN_ENUM_CONVERSION = YES;
				CLANG_WARN_INFINITE_RECURSION = YES;
				CLANG_WARN_INT_CONVERSION = YES;
				CLANG_WARN_NON_LITERAL_NULL_CONVERSION = YES;
				CLANG_WARN_OBJC_IMPLICIT_RETAIN_SELF = YES;
				CLANG_WARN_OBJC_LITERAL_CONVERSION = YES;
				CLANG_WARN_OBJC_ROOT_CLASS = YES_ERROR;
				CLANG_WARN_RANGE_LOOP_ANALYSIS = YES;
				CLANG_WARN_STRICT_PROTOTYPES = YES;
				CLANG_WARN_SUSPICIOUS_MOVE = YES;
				CLANG_WARN_UNGUARDED_AVAILABILITY = YES_AGGRESSIVE;
				CLANG_WARN_UNREACHABLE_CODE = YES;
				CLANG_WARN__DUPLICATE_METHOD_MATCH = YES;
				COPY_PHASE_STRIP = NO;
				DEBUG_INFORMATION_FORMAT = dwarf;
				ENABLE_STRICT_OBJC_MSGSEND = YES;
				ENABLE_TESTABILITY = YES;
				GCC_C_LANGUAGE_STANDARD = gnu11;
				GCC_DYNAMIC_NO_PIC = NO;
				GCC_NO_COMMON_BLOCKS = YES;
				GCC_OPTIMIZATION_LEVEL = 0;
				GCC_PREPROCESSOR_DEFINITIONS = (
					"DEBUG=1",
					"$(inherited)",
				);
				GCC_WARN_64_TO_32_BIT_CONVERSION = YES;
				GCC_WARN_ABOUT_RETURN_TYPE = YES_ERROR;
				GCC_WARN_UNDECLARED_SELECTOR = YES;
				GCC_WARN_UNINITIALIZED_AUTOS = YES_AGGRESSIVE;
				GCC_WARN_UNUSED_FUNCTION = YES;
				GCC_WARN_UNUSED_VARIABLE = YES;
				IPHONEOS_DEPLOYMENT_TARGET = 13.2;
				MTL_ENABLE_DEBUG_INFO = INCLUDE_SOURCE;
				MTL_FAST_MATH = YES;
				ONLY_ACTIVE_ARCH = YES;
				SDKROOT = iphoneos;
				SWIFT_ACTIVE_COMPILATION_CONDITIONS = DEBUG;
				SWIFT_OPTIMIZATION_LEVEL = "-Onone";
			};
			name = Debug;
		};
		C80D84AC23BF071700FC2B35 /* Release */ = {
			isa = XCBuildConfiguration;
			buildSettings = {
				ALWAYS_SEARCH_USER_PATHS = NO;
				CLANG_ANALYZER_NONNULL = YES;
				CLANG_ANALYZER_NUMBER_OBJECT_CONVERSION = YES_AGGRESSIVE;
				CLANG_CXX_LANGUAGE_STANDARD = "gnu++14";
				CLANG_CXX_LIBRARY = "libc++";
				CLANG_ENABLE_MODULES = YES;
				CLANG_ENABLE_OBJC_ARC = YES;
				CLANG_ENABLE_OBJC_WEAK = YES;
				CLANG_WARN_BLOCK_CAPTURE_AUTORELEASING = YES;
				CLANG_WARN_BOOL_CONVERSION = YES;
				CLANG_WARN_COMMA = YES;
				CLANG_WARN_CONSTANT_CONVERSION = YES;
				CLANG_WARN_DEPRECATED_OBJC_IMPLEMENTATIONS = YES;
				CLANG_WARN_DIRECT_OBJC_ISA_USAGE = YES_ERROR;
				CLANG_WARN_DOCUMENTATION_COMMENTS = YES;
				CLANG_WARN_EMPTY_BODY = YES;
				CLANG_WARN_ENUM_CONVERSION = YES;
				CLANG_WARN_INFINITE_RECURSION = YES;
				CLANG_WARN_INT_CONVERSION = YES;
				CLANG_WARN_NON_LITERAL_NULL_CONVERSION = YES;
				CLANG_WARN_OBJC_IMPLICIT_RETAIN_SELF = YES;
				CLANG_WARN_OBJC_LITERAL_CONVERSION = YES;
				CLANG_WARN_OBJC_ROOT_CLASS = YES_ERROR;
				CLANG_WARN_RANGE_LOOP_ANALYSIS = YES;
				CLANG_WARN_STRICT_PROTOTYPES = YES;
				CLANG_WARN_SUSPICIOUS_MOVE = YES;
				CLANG_WARN_UNGUARDED_AVAILABILITY = YES_AGGRESSIVE;
				CLANG_WARN_UNREACHABLE_CODE = YES;
				CLANG_WARN__DUPLICATE_METHOD_MATCH = YES;
				COPY_PHASE_STRIP = NO;
				DEBUG_INFORMATION_FORMAT = "dwarf-with-dsym";
				ENABLE_NS_ASSERTIONS = NO;
				ENABLE_STRICT_OBJC_MSGSEND = YES;
				GCC_C_LANGUAGE_STANDARD = gnu11;
				GCC_NO_COMMON_BLOCKS = YES;
				GCC_WARN_64_TO_32_BIT_CONVERSION = YES;
				GCC_WARN_ABOUT_RETURN_TYPE = YES_ERROR;
				GCC_WARN_UNDECLARED_SELECTOR = YES;
				GCC_WARN_UNINITIALIZED_AUTOS = YES_AGGRESSIVE;
				GCC_WARN_UNUSED_FUNCTION = YES;
				GCC_WARN_UNUSED_VARIABLE = YES;
				IPHONEOS_DEPLOYMENT_TARGET = 13.2;
				MTL_ENABLE_DEBUG_INFO = NO;
				MTL_FAST_MATH = YES;
				SDKROOT = iphoneos;
				SWIFT_COMPILATION_MODE = wholemodule;
				SWIFT_OPTIMIZATION_LEVEL = "-O";
				VALIDATE_PRODUCT = YES;
			};
			name = Release;
		};
		C80D84AE23BF071700FC2B35 /* Debug */ = {
			isa = XCBuildConfiguration;
			buildSettings = {
				ASSETCATALOG_COMPILER_APPICON_NAME = AppIcon;
				CODE_SIGN_STYLE = Automatic;
				DEVELOPMENT_ASSET_PATHS = "\"SwiftUICombineMVVMExample/Preview Content\"";
				DEVELOPMENT_TEAM = XJPC47UM3W;
				ENABLE_PREVIEWS = YES;
				INFOPLIST_FILE = SwiftUICombineMVVMExample/Info.plist;
				LD_RUNPATH_SEARCH_PATHS = (
					"$(inherited)",
					"@executable_path/Frameworks",
				);
				PRODUCT_BUNDLE_IDENTIFIER = com.augmentedcode.SwiftUICombineMVVMExample;
				PRODUCT_NAME = "$(TARGET_NAME)";
				SWIFT_VERSION = 5.0;
				TARGETED_DEVICE_FAMILY = "1,2";
			};
			name = Debug;
		};
		C80D84AF23BF071700FC2B35 /* Release */ = {
			isa = XCBuildConfiguration;
			buildSettings = {
				ASSETCATALOG_COMPILER_APPICON_NAME = AppIcon;
				CODE_SIGN_STYLE = Automatic;
				DEVELOPMENT_ASSET_PATHS = "\"SwiftUICombineMVVMExample/Preview Content\"";
				DEVELOPMENT_TEAM = XJPC47UM3W;
				ENABLE_PREVIEWS = YES;
				INFOPLIST_FILE = SwiftUICombineMVVMExample/Info.plist;
				LD_RUNPATH_SEARCH_PATHS = (
					"$(inherited)",
					"@executable_path/Frameworks",
				);
				PRODUCT_BUNDLE_IDENTIFIER = com.augmentedcode.SwiftUICombineMVVMExample;
				PRODUCT_NAME = "$(TARGET_NAME)";
				SWIFT_VERSION = 5.0;
				TARGETED_DEVICE_FAMILY = "1,2";
			};
			name = Release;
		};
		C80D84B123BF071700FC2B35 /* Debug */ = {
			isa = XCBuildConfiguration;
			buildSettings = {
				ALWAYS_EMBED_SWIFT_STANDARD_LIBRARIES = YES;
				BUNDLE_LOADER = "$(TEST_HOST)";
				CODE_SIGN_STYLE = Automatic;
				DEVELOPMENT_TEAM = XJPC47UM3W;
				INFOPLIST_FILE = SwiftUICombineMVVMExampleTests/Info.plist;
				IPHONEOS_DEPLOYMENT_TARGET = 13.2;
				LD_RUNPATH_SEARCH_PATHS = (
					"$(inherited)",
					"@executable_path/Frameworks",
					"@loader_path/Frameworks",
				);
				PRODUCT_BUNDLE_IDENTIFIER = com.augmentedcode.SwiftUICombineMVVMExampleTests;
				PRODUCT_NAME = "$(TARGET_NAME)";
				SWIFT_VERSION = 5.0;
				TARGETED_DEVICE_FAMILY = "1,2";
				TEST_HOST = "$(BUILT_PRODUCTS_DIR)/SwiftUICombineMVVMExample.app/SwiftUICombineMVVMExample";
			};
			name = Debug;
		};
		C80D84B223BF071700FC2B35 /* Release */ = {
			isa = XCBuildConfiguration;
			buildSettings = {
				ALWAYS_EMBED_SWIFT_STANDARD_LIBRARIES = YES;
				BUNDLE_LOADER = "$(TEST_HOST)";
				CODE_SIGN_STYLE = Automatic;
				DEVELOPMENT_TEAM = XJPC47UM3W;
				INFOPLIST_FILE = SwiftUICombineMVVMExampleTests/Info.plist;
				IPHONEOS_DEPLOYMENT_TARGET = 13.2;
				LD_RUNPATH_SEARCH_PATHS = (
					"$(inherited)",
					"@executable_path/Frameworks",
					"@loader_path/Frameworks",
				);
				PRODUCT_BUNDLE_IDENTIFIER = com.augmentedcode.SwiftUICombineMVVMExampleTests;
				PRODUCT_NAME = "$(TARGET_NAME)";
				SWIFT_VERSION = 5.0;
				TARGETED_DEVICE_FAMILY = "1,2";
				TEST_HOST = "$(BUILT_PRODUCTS_DIR)/SwiftUICombineMVVMExample.app/SwiftUICombineMVVMExample";
			};
			name = Release;
		};
		C80D84B423BF071700FC2B35 /* Debug */ = {
			isa = XCBuildConfiguration;
			buildSettings = {
				ALWAYS_EMBED_SWIFT_STANDARD_LIBRARIES = YES;
				CODE_SIGN_STYLE = Automatic;
				DEVELOPMENT_TEAM = XJPC47UM3W;
				INFOPLIST_FILE = SwiftUICombineMVVMExampleUITests/Info.plist;
				LD_RUNPATH_SEARCH_PATHS = (
					"$(inherited)",
					"@executable_path/Frameworks",
					"@loader_path/Frameworks",
				);
				PRODUCT_BUNDLE_IDENTIFIER = com.augmentedcode.SwiftUICombineMVVMExampleUITests;
				PRODUCT_NAME = "$(TARGET_NAME)";
				SWIFT_VERSION = 5.0;
				TARGETED_DEVICE_FAMILY = "1,2";
				TEST_TARGET_NAME = SwiftUICombineMVVMExample;
			};
			name = Debug;
		};
		C80D84B523BF071700FC2B35 /* Release */ = {
			isa = XCBuildConfiguration;
			buildSettings = {
				ALWAYS_EMBED_SWIFT_STANDARD_LIBRARIES = YES;
				CODE_SIGN_STYLE = Automatic;
				DEVELOPMENT_TEAM = XJPC47UM3W;
				INFOPLIST_FILE = SwiftUICombineMVVMExampleUITests/Info.plist;
				LD_RUNPATH_SEARCH_PATHS = (
					"$(inherited)",
					"@executable_path/Frameworks",
					"@loader_path/Frameworks",
				);
				PRODUCT_BUNDLE_IDENTIFIER = com.augmentedcode.SwiftUICombineMVVMExampleUITests;
				PRODUCT_NAME = "$(TARGET_NAME)";
				SWIFT_VERSION = 5.0;
				TARGETED_DEVICE_FAMILY = "1,2";
				TEST_TARGET_NAME = SwiftUICombineMVVMExample;
			};
			name = Release;
		};
/* End XCBuildConfiguration section */

/* Begin XCConfigurationList section */
		C80D847E23BF071600FC2B35 /* Build configuration list for PBXProject "SwiftUICombineMVVMExample" */ = {
			isa = XCConfigurationList;
			buildConfigurations = (
				C80D84AB23BF071700FC2B35 /* Debug */,
				C80D84AC23BF071700FC2B35 /* Release */,
			);
			defaultConfigurationIsVisible = 0;
			defaultConfigurationName = Release;
		};
		C80D84AD23BF071700FC2B35 /* Build configuration list for PBXNativeTarget "SwiftUICombineMVVMExample" */ = {
			isa = XCConfigurationList;
			buildConfigurations = (
				C80D84AE23BF071700FC2B35 /* Debug */,
				C80D84AF23BF071700FC2B35 /* Release */,
			);
			defaultConfigurationIsVisible = 0;
			defaultConfigurationName = Release;
		};
		C80D84B023BF071700FC2B35 /* Build configuration list for PBXNativeTarget "SwiftUICombineMVVMExampleTests" */ = {
			isa = XCConfigurationList;
			buildConfigurations = (
				C80D84B123BF071700FC2B35 /* Debug */,
				C80D84B223BF071700FC2B35 /* Release */,
			);
			defaultConfigurationIsVisible = 0;
			defaultConfigurationName = Release;
		};
		C80D84B323BF071700FC2B35 /* Build configuration list for PBXNativeTarget "SwiftUICombineMVVMExampleUITests" */ = {
			isa = XCConfigurationList;
			buildConfigurations = (
				C80D84B423BF071700FC2B35 /* Debug */,
				C80D84B523BF071700FC2B35 /* Release */,
			);
			defaultConfigurationIsVisible = 0;
			defaultConfigurationName = Release;
		};
/* End XCConfigurationList section */
	};
	rootObject = C80D847B23BF071600FC2B35 /* Project object */;
}
